Microsoft Visual Studio Solution File, Format Version 12.00
# Visual Studio Version 17
VisualStudioVersion = 17.5.2.0
MinimumVisualStudioVersion = 10.0.40219.1
Project("{FAE04EC0-301F-11D3-BF4B-00C04F79EFBC}") = "ICCardReaderMock", "ICCardReaderMock.csproj", "{32D2A005-8CB2-904B-FC44-B5A20D337290}"
EndProject
Global
	GlobalSection(SolutionConfigurationPlatforms) = preSolution
		Debug|Any CPU = Debug|Any CPU
		Release|Any CPU = Release|Any CPU
	EndGlobalSection
	GlobalSection(ProjectConfigurationPlatforms) = postSolution
		{32D2A005-8CB2-904B-FC44-B5A20D337290}.Debug|Any CPU.ActiveCfg = Debug|Any CPU
		{32D2A005-8CB2-904B-FC44-B5A20D337290}.Debug|Any CPU.Build.0 = Debug|Any CPU
		{32D2A005-8CB2-904B-FC44-B5A20D337290}.Release|Any CPU.ActiveCfg = Release|Any CPU
		{32D2A005-8CB2-904B-FC44-B5A20D337290}.Release|Any CPU.Build.0 = Release|Any CPU
	EndGlobalSection
	GlobalSection(SolutionProperties) = preSolution
		HideSolutionNode = FALSE
	EndGlobalSection
	GlobalSection(ExtensibilityGlobals) = postSolution
		SolutionGuid = {B55E4FFD-E036-4B54-BB5C-BC58796A1554}
	EndGlobalSection
EndGlobal
